
Microsoft Visual Studio Solution File, Format Version 12.00
# Visual Studio Version 17
VisualStudioVersion = 17.2.32526.322
MinimumVisualStudioVersion = 10.0.40219.1
Project("{FAE04EC0-301F-11D3-BF4B-00C04F79EFBC}") = "FiddlerCore.Demo", "FiddlerCore.Demo\FiddlerCore.Demo.csproj", "{A5D7D007-1BAA-488A-AD8F-4A8CD554C1C7}"
EndProject
Global
	GlobalSection(SolutionConfigurationPlatforms) = preSolution
		Debug|Any CPU = Debug|Any CPU
		Release|Any CPU = Release|Any CPU
	EndGlobalSection
	GlobalSection(ProjectConfigurationPlatforms) = postSolution
		{A5D7D007-1BAA-488A-AD8F-4A8CD554C1C7}.Debug|Any CPU.ActiveCfg = Debug|Any CPU
		{A5D7D007-1BAA-488A-AD8F-4A8CD554C1C7}.Debug|Any CPU.Build.0 = Debug|Any CPU
		{A5D7D007-1BAA-488A-AD8F-4A8CD554C1C7}.Release|Any CPU.ActiveCfg = Release|Any CPU
		{A5D7D007-1BAA-488A-AD8F-4A8CD554C1C7}.Release|Any CPU.Build.0 = Release|Any CPU
	EndGlobalSection
	GlobalSection(SolutionProperties) = preSolution
		HideSolutionNode = FALSE
	EndGlobalSection
	GlobalSection(ExtensibilityGlobals) = postSolution
		SolutionGuid = {C8635FAD-633E-40E0-8479-586C15B8629C}
	EndGlobalSection
EndGlobal
